
Microsoft Visual Studio Solution File, Format Version 12.00
# Visual Studio Version 16
VisualStudioVersion = 16.0.30717.126
MinimumVisualStudioVersion = 15.0.26124.0
Project("{9A19103F-16F7-4668-BE54-9A1E7A4F7556}") = "AppContext", "AppContext\AppContext.csproj", "{4F1B6FC8-5458-4F52-AD3E-A11C39832517}"
EndProject
Project("{9A19103F-16F7-4668-BE54-9A1E7A4F7556}") = "Domain", "Domain\Domain.csproj", "{8AB9E69E-DBD7-43ED-9F2D-4CE99854F939}"
EndProject
Project("{9A19103F-16F7-4668-BE54-9A1E7A4F7556}") = "Entities", "Entities\Entities.csproj", "{92220CDA-51D5-425E-9E5A-3FCD5F11CCD5}"
EndProject
Project("{9A19103F-16F7-4668-BE54-9A1E7A4F7556}") = "Repositories", "Repositories\Repositories.csproj", "{7F28B881-08A5-4BCC-ABFE-D4C06337E54C}"
EndProject
Project("{9A19103F-16F7-4668-BE54-9A1E7A4F7556}") = "WebApp", "WebApp\WebApp.csproj", "{FB64975F-36D1-491C-AA03-AC44A6CE4EF7}"
EndProject
Project("{2150E333-8FDC-42A3-9474-1A3956D46DE8}") = "DataDomain", "DataDomain", "{6F0235E0-90CB-45F6-A50B-4C1377077682}"
EndProject
Project("{9A19103F-16F7-4668-BE54-9A1E7A4F7556}") = "BLL", "BLL\BLL.csproj", "{5CBCD8BE-9DA4-4C0B-A7BE-3CAB1A9CF98E}"
EndProject
Global
	GlobalSection(SolutionConfigurationPlatforms) = preSolution
		Debug|Any CPU = Debug|Any CPU
		Debug|x64 = Debug|x64
		Debug|x86 = Debug|x86
		Release|Any CPU = Release|Any CPU
		Release|x64 = Release|x64
		Release|x86 = Release|x86
	EndGlobalSection
	GlobalSection(ProjectConfigurationPlatforms) = postSolution
		{4F1B6FC8-5458-4F52-AD3E-A11C39832517}.Debug|Any CPU.ActiveCfg = Debug|Any CPU
		{4F1B6FC8-5458-4F52-AD3E-A11C39832517}.Debug|Any CPU.Build.0 = Debug|Any CPU
		{4F1B6FC8-5458-4F52-AD3E-A11C39832517}.Debug|x64.ActiveCfg = Debug|Any CPU
		{4F1B6FC8-5458-4F52-AD3E-A11C39832517}.Debug|x64.Build.0 = Debug|Any CPU
		{4F1B6FC8-5458-4F52-AD3E-A11C39832517}.Debug|x86.ActiveCfg = Debug|Any CPU
		{4F1B6FC8-5458-4F52-AD3E-A11C39832517}.Debug|x86.Build.0 = Debug|Any CPU
		{4F1B6FC8-5458-4F52-AD3E-A11C39832517}.Release|Any CPU.ActiveCfg = Release|Any CPU
		{4F1B6FC8-5458-4F52-AD3E-A11C39832517}.Release|Any CPU.Build.0 = Release|Any CPU
		{4F1B6FC8-5458-4F52-AD3E-A11C39832517}.Release|x64.ActiveCfg = Release|Any CPU
		{4F1B6FC8-5458-4F52-AD3E-A11C39832517}.Release|x64.Build.0 = Release|Any CPU
		{4F1B6FC8-5458-4F52-AD3E-A11C39832517}.Release|x86.ActiveCfg = Release|Any CPU
		{4F1B6FC8-5458-4F52-AD3E-A11C39832517}.Release|x86.Build.0 = Release|Any CPU
		{8AB9E69E-DBD7-43ED-9F2D-4CE99854F939}.Debug|Any CPU.ActiveCfg = Debug|Any CPU
		{8AB9E69E-DBD7-43ED-9F2D-4CE99854F939}.Debug|Any CPU.Build.0 = Debug|Any CPU
		{8AB9E69E-DBD7-43ED-9F2D-4CE99854F939}.Debug|x64.ActiveCfg = Debug|Any CPU
		{8AB9E69E-DBD7-43ED-9F2D-4CE99854F939}.Debug|x64.Build.0 = Debug|Any CPU
		{8AB9E69E-DBD7-43ED-9F2D-4CE99854F939}.Debug|x86.ActiveCfg = Debug|Any CPU
		{8AB9E69E-DBD7-43ED-9F2D-4CE99854F939}.Debug|x86.Build.0 = Debug|Any CPU
		{8AB9E69E-DBD7-43ED-9F2D-4CE99854F939}.Release|Any CPU.ActiveCfg = Release|Any CPU
		{8AB9E69E-DBD7-43ED-9F2D-4CE99854F939}.Release|Any CPU.Build.0 = Release|Any CPU
		{8AB9E69E-DBD7-43ED-9F2D-4CE99854F939}.Release|x64.ActiveCfg = Release|Any CPU
		{8AB9E69E-DBD7-43ED-9F2D-4CE99854F939}.Release|x64.Build.0 = Release|Any CPU
		{8AB9E69E-DBD7-43ED-9F2D-4CE99854F939}.Release|x86.ActiveCfg = Release|Any CPU
		{8AB9E69E-DBD7-43ED-9F2D-4CE99854F939}.Release|x86.Build.0 = Release|Any CPU
		{92220CDA-51D5-425E-9E5A-3FCD5F11CCD5}.Debug|Any CPU.ActiveCfg = Debug|Any CPU
		{92220CDA-51D5-425E-9E5A-3FCD5F11CCD5}.Debug|Any CPU.Build.0 = Debug|Any CPU
		{92220CDA-51D5-425E-9E5A-3FCD5F11CCD5}.Debug|x64.ActiveCfg = Debug|Any CPU
		{92220CDA-51D5-425E-9E5A-3FCD5F11CCD5}.Debug|x64.Build.0 = Debug|Any CPU
		{92220CDA-51D5-425E-9E5A-3FCD5F11CCD5}.Debug|x86.ActiveCfg = Debug|Any CPU
		{92220CDA-51D5-425E-9E5A-3FCD5F11CCD5}.Debug|x86.Build.0 = Debug|Any CPU
		{92220CDA-51D5-425E-9E5A-3FCD5F11CCD5}.Release|Any CPU.ActiveCfg = Release|Any CPU
		{92220CDA-51D5-425E-9E5A-3FCD5F11CCD5}.Release|Any CPU.Build.0 = Release|Any CPU
		{92220CDA-51D5-425E-9E5A-3FCD5F11CCD5}.Release|x64.ActiveCfg = Release|Any CPU
		{92220CDA-51D5-425E-9E5A-3FCD5F11CCD5}.Release|x64.Build.0 = Release|Any CPU
		{92220CDA-51D5-425E-9E5A-3FCD5F11CCD5}.Release|x86.ActiveCfg = Release|Any CPU
		{92220CDA-51D5-425E-9E5A-3FCD5F11CCD5}.Release|x86.Build.0 = Release|Any CPU
		{7F28B881-08A5-4BCC-ABFE-D4C06337E54C}.Debug|Any CPU.ActiveCfg = Debug|Any CPU
		{7F28B881-08A5-4BCC-ABFE-D4C06337E54C}.Debug|Any CPU.Build.0 = Debug|Any CPU
		{7F28B881-08A5-4BCC-ABFE-D4C06337E54C}.Debug|x64.ActiveCfg = Debug|Any CPU
		{7F28B881-08A5-4BCC-ABFE-D4C06337E54C}.Debug|x64.Build.0 = Debug|Any CPU
		{7F28B881-08A5-4BCC-ABFE-D4C06337E54C}.Debug|x86.ActiveCfg = Debug|Any CPU
		{7F28B881-08A5-4BCC-ABFE-D4C06337E54C}.Debug|x86.Build.0 = Debug|Any CPU
		{7F28B881-08A5-4BCC-ABFE-D4C06337E54C}.Release|Any CPU.ActiveCfg = Release|Any CPU
		{7F28B881-08A5-4BCC-ABFE-D4C06337E54C}.Release|Any CPU.Build.0 = Release|Any CPU
		{7F28B881-08A5-4BCC-ABFE-D4C06337E54C}.Release|x64.ActiveCfg = Release|Any CPU
		{7F28B881-08A5-4BCC-ABFE-D4C06337E54C}.Release|x64.Build.0 = Release|Any CPU
		{7F28B881-08A5-4BCC-ABFE-D4C06337E54C}.Release|x86.ActiveCfg = Release|Any CPU
		{7F28B881-08A5-4BCC-ABFE-D4C06337E54C}.Release|x86.Build.0 = Release|Any CPU
		{FB64975F-36D1-491C-AA03-AC44A6CE4EF7}.Debug|Any CPU.ActiveCfg = Debug|Any CPU
		{FB64975F-36D1-491C-AA03-AC44A6CE4EF7}.Debug|Any CPU.Build.0 = Debug|Any CPU
		{FB64975F-36D1-491C-AA03-AC44A6CE4EF7}.Debug|x64.ActiveCfg = Debug|Any CPU
		{FB64975F-36D1-491C-AA03-AC44A6CE4EF7}.Debug|x64.Build.0 = Debug|Any CPU
		{FB64975F-36D1-491C-AA03-AC44A6CE4EF7}.Debug|x86.ActiveCfg = Debug|Any CPU
		{FB64975F-36D1-491C-AA03-AC44A6CE4EF7}.Debug|x86.Build.0 = Debug|Any CPU
		{FB64975F-36D1-491C-AA03-AC44A6CE4EF7}.Release|Any CPU.ActiveCfg = Release|Any CPU
		{FB64975F-36D1-491C-AA03-AC44A6CE4EF7}.Release|Any CPU.Build.0 = Release|Any CPU
		{FB64975F-36D1-491C-AA03-AC44A6CE4EF7}.Release|x64.ActiveCfg = Release|Any CPU
		{FB64975F-36D1-491C-AA03-AC44A6CE4EF7}.Release|x64.Build.0 = Release|Any CPU
		{FB64975F-36D1-491C-AA03-AC44A6CE4EF7}.Release|x86.ActiveCfg = Release|Any CPU
		{FB64975F-36D1-491C-AA03-AC44A6CE4EF7}.Release|x86.Build.0 = Release|Any CPU
		{5CBCD8BE-9DA4-4C0B-A7BE-3CAB1A9CF98E}.Debug|Any CPU.ActiveCfg = Debug|Any CPU
		{5CBCD8BE-9DA4-4C0B-A7BE-3CAB1A9CF98E}.Debug|Any CPU.Build.0 = Debug|Any CPU
		{5CBCD8BE-9DA4-4C0B-A7BE-3CAB1A9CF98E}.Debug|x64.ActiveCfg = Debug|Any CPU
		{5CBCD8BE-9DA4-4C0B-A7BE-3CAB1A9CF98E}.Debug|x64.Build.0 = Debug|Any CPU
		{5CBCD8BE-9DA4-4C0B-A7BE-3CAB1A9CF98E}.Debug|x86.ActiveCfg = Debug|Any CPU
		{5CBCD8BE-9DA4-4C0B-A7BE-3CAB1A9CF98E}.Debug|x86.Build.0 = Debug|Any CPU
		{5CBCD8BE-9DA4-4C0B-A7BE-3CAB1A9CF98E}.Release|Any CPU.ActiveCfg = Release|Any CPU
		{5CBCD8BE-9DA4-4C0B-A7BE-3CAB1A9CF98E}.Release|Any CPU.Build.0 = Release|Any CPU
		{5CBCD8BE-9DA4-4C0B-A7BE-3CAB1A9CF98E}.Release|x64.ActiveCfg = Release|Any CPU
		{5CBCD8BE-9DA4-4C0B-A7BE-3CAB1A9CF98E}.Release|x64.Build.0 = Release|Any CPU
		{5CBCD8BE-9DA4-4C0B-A7BE-3CAB1A9CF98E}.Release|x86.ActiveCfg = Release|Any CPU
		{5CBCD8BE-9DA4-4C0B-A7BE-3CAB1A9CF98E}.Release|x86.Build.0 = Release|Any CPU
	EndGlobalSection
	GlobalSection(SolutionProperties) = preSolution
		HideSolutionNode = FALSE
	EndGlobalSection
	GlobalSection(NestedProjects) = preSolution
		{4F1B6FC8-5458-4F52-AD3E-A11C39832517} = {6F0235E0-90CB-45F6-A50B-4C1377077682}
		{8AB9E69E-DBD7-43ED-9F2D-4CE99854F939} = {6F0235E0-90CB-45F6-A50B-4C1377077682}
		{92220CDA-51D5-425E-9E5A-3FCD5F11CCD5} = {6F0235E0-90CB-45F6-A50B-4C1377077682}
		{7F28B881-08A5-4BCC-ABFE-D4C06337E54C} = {6F0235E0-90CB-45F6-A50B-4C1377077682}
	EndGlobalSection
	GlobalSection(ExtensibilityGlobals) = postSolution
		SolutionGuid = {2BACAF92-FCC7-4ADE-9A2D-92C644DF295C}
	EndGlobalSection
EndGlobal
