{
  "requires": true,
  "lockfileVersion": 1,
  "dependencies": {
    "@angular/forms": {
      "version": "10.2.4",
      "resolved": "https://registry.npmjs.org/@angular/forms/-/forms-10.2.4.tgz",
      "integrity": "sha512-nrag/3+sjclH5mYqgM9UKzjotMGDCYBlPMqLt2Mj8rIxtAPRxfKmzAhxf4lRw3RTzMvOLM0rBRJagpi5glyLEw==",
      "requires": {
        "tslib": "^2.0.0"
      }
    },
    "tslib": {
      "version": "2.1.0",
      "resolved": "https://registry.npmjs.org/tslib/-/tslib-2.1.0.tgz",
      "integrity": "sha512-hcVC3wYEziELGGmEEXue7D75zbwIIVUMWAVbHItGPx0ziyXxrOMQx4rQEVEV45Ut/1IotuEvwqPopzIOkDMf0A=="
    }
  }
}
